// !$*UTF8*$!
{
	archiveVersion = 1;
	classes = {
	};
	objectVersion = 46;
	objects = {

/* Begin PBXBuildFile section */
		848A11A21B1EA94600AF6C19 /* ImageGallery.m in Sources */ = {isa = PBXBuildFile; fileRef = 848A11A01B1EA94600AF6C19 /* ImageGallery.m */; };
		848A11A31B1EA94600AF6C19 /* ImageGallery.xib in Resources */ = {isa = PBXBuildFile; fileRef = 848A11A11B1EA94600AF6C19 /* ImageGallery.xib */; };
		848A11A81B1EAA4B00AF6C19 /* CustomImageGalleryCell.m in Sources */ = {isa = PBXBuildFile; fileRef = 848A11A61B1EAA4B00AF6C19 /* CustomImageGalleryCell.m */; };
		848A11A91B1EAA4B00AF6C19 /* CustomImageGalleryCell.xib in Resources */ = {isa = PBXBuildFile; fileRef = 848A11A71B1EAA4B00AF6C19 /* CustomImageGalleryCell.xib */; };
		848A11AC1B1EAD1800AF6C19 /* default.png in Resources */ = {isa = PBXBuildFile; fileRef = 848A11AB1B1EAD1800AF6C19 /* default.png */; };
		849BCA871B156F0E000778D9 /* NotificationCenter.framework in Frameworks */ = {isa = PBXBuildFile; fileRef = 849BCA861B156F0E000778D9 /* NotificationCenter.framework */; };
		849BCA8D1B156F0E000778D9 /* TodayViewController.m in Sources */ = {isa = PBXBuildFile; fileRef = 849BCA8C1B156F0E000778D9 /* TodayViewController.m */; };
		849BCA921B156F0E000778D9 /* Widget.appex in Embed App Extensions */ = {isa = PBXBuildFile; fileRef = 849BCA851B156F0E000778D9 /* Widget.appex */; settings = {ATTRIBUTES = (RemoveHeadersOnCopy, ); }; };
		849BCA981B156FBF000778D9 /* TodayViewController.xib in Resources */ = {isa = PBXBuildFile; fileRef = 849BCA971B156FBF000778D9 /* TodayViewController.xib */; };
		84C4BB041B1580F7004A8C52 /* Post.m in Sources */ = {isa = PBXBuildFile; fileRef = 84C6FD2B1B01974800E2325A /* Post.m */; };
		84C6FD291B01964900E2325A /* DetailViewController.xib in Resources */ = {isa = PBXBuildFile; fileRef = 84C6FD281B01964900E2325A /* DetailViewController.xib */; };
		84C6FD2C1B01974800E2325A /* Post.m in Sources */ = {isa = PBXBuildFile; fileRef = 84C6FD2B1B01974800E2325A /* Post.m */; };
		84C6FD2E1B0197C600E2325A /* MasterViewController.xib in Resources */ = {isa = PBXBuildFile; fileRef = 84C6FD2D1B0197C600E2325A /* MasterViewController.xib */; };
		84C6FD351B01A10D00E2325A /* libPods.a in Frameworks */ = {isa = PBXBuildFile; fileRef = 84C6FD341B01A10D00E2325A /* libPods.a */; };
		84C6FD3C1B01AD6500E2325A /* CustomCell.m in Sources */ = {isa = PBXBuildFile; fileRef = 84C6FD3A1B01AD6500E2325A /* CustomCell.m */; };
		84C6FD3D1B01AD6500E2325A /* CustomCell.xib in Resources */ = {isa = PBXBuildFile; fileRef = 84C6FD3B1B01AD6500E2325A /* CustomCell.xib */; };
		84C7EDF71B01FD5F00589E27 /* default.png in Resources */ = {isa = PBXBuildFile; fileRef = 84C7EDF61B01FD5F00589E27 /* default.png */; };
		84CC7A3A1AF90BEA00A1ED98 /* main.m in Sources */ = {isa = PBXBuildFile; fileRef = 84CC7A391AF90BEA00A1ED98 /* main.m */; };
		84CC7A3D1AF90BEA00A1ED98 /* AppDelegate.m in Sources */ = {isa = PBXBuildFile; fileRef = 84CC7A3C1AF90BEA00A1ED98 /* AppDelegate.m */; };
		84CC7A401AF90BEA00A1ED98 /* MasterViewController.m in Sources */ = {isa = PBXBuildFile; fileRef = 84CC7A3F1AF90BEA00A1ED98 /* MasterViewController.m */; };
		84CC7A431AF90BEA00A1ED98 /* DetailViewController.m in Sources */ = {isa = PBXBuildFile; fileRef = 84CC7A421AF90BEA00A1ED98 /* DetailViewController.m */; };
		84CC7A481AF90BEA00A1ED98 /* Images.xcassets in Resources */ = {isa = PBXBuildFile; fileRef = 84CC7A471AF90BEA00A1ED98 /* Images.xcassets */; };
		84CC7A571AF90BEA00A1ED98 /* ParserTests.m in Sources */ = {isa = PBXBuildFile; fileRef = 84CC7A561AF90BEA00A1ED98 /* ParserTests.m */; };
		84CC7A721AF9131C00A1ED98 /* libxml2.dylib in Frameworks */ = {isa = PBXBuildFile; fileRef = 84CC7A711AF9131C00A1ED98 /* libxml2.dylib */; };
		98C797F0A00CC0823B65F2C5 /* libPods-Parser.a in Frameworks */ = {isa = PBXBuildFile; fileRef = 48FD019428EF68E7FF8F9BE2 /* libPods-Parser.a */; };
		B0B356F571DDE339B86418B1 /* libPods-Widget.a in Frameworks */ = {isa = PBXBuildFile; fileRef = B2A60717A0068D2573FF212A /* libPods-Widget.a */; };
/* End PBXBuildFile section */

/* Begin PBXContainerItemProxy section */
		849BCA901B156F0E000778D9 /* PBXContainerItemProxy */ = {
			isa = PBXContainerItemProxy;
			containerPortal = 84CC7A2C1AF90BEA00A1ED98 /* Project object */;
			proxyType = 1;
			remoteGlobalIDString = 849BCA841B156F0E000778D9;
			remoteInfo = Widget;
		};
		84CC7A511AF90BEA00A1ED98 /* PBXContainerItemProxy */ = {
			isa = PBXContainerItemProxy;
			containerPortal = 84CC7A2C1AF90BEA00A1ED98 /* Project object */;
			proxyType = 1;
			remoteGlobalIDString = 84CC7A331AF90BEA00A1ED98;
			remoteInfo = Parser;
		};
/* End PBXContainerItemProxy section */

/* Begin PBXCopyFilesBuildPhase section */
		849BCA961B156F0F000778D9 /* Embed App Extensions */ = {
			isa = PBXCopyFilesBuildPhase;
			buildActionMask = 2147483647;
			dstPath = "";
			dstSubfolderSpec = 13;
			files = (
				849BCA921B156F0E000778D9 /* Widget.appex in Embed App Extensions */,
			);
			name = "Embed App Extensions";
			runOnlyForDeploymentPostprocessing = 0;
		};
/* End PBXCopyFilesBuildPhase section */

/* Begin PBXFileReference section */
		449C43DB4971C38E77FFB8A6 /* Pods-Widget.release.xcconfig */ = {isa = PBXFileReference; includeInIndex = 1; lastKnownFileType = text.xcconfig; name = "Pods-Widget.release.xcconfig"; path = "Pods/Target Support Files/Pods-Widget/Pods-Widget.release.xcconfig"; sourceTree = "<group>"; };
		48FD019428EF68E7FF8F9BE2 /* libPods-Parser.a */ = {isa = PBXFileReference; explicitFileType = archive.ar; includeInIndex = 0; path = "libPods-Parser.a"; sourceTree = BUILT_PRODUCTS_DIR; };
		6A4B7F62674EBAF3DD11407C /* Pods-Parser.release.xcconfig */ = {isa = PBXFileReference; includeInIndex = 1; lastKnownFileType = text.xcconfig; name = "Pods-Parser.release.xcconfig"; path = "Pods/Target Support Files/Pods-Parser/Pods-Parser.release.xcconfig"; sourceTree = "<group>"; };
		847D2A921B1EEC72005B10D8 /* ru */ = {isa = PBXFileReference; lastKnownFileType = text.plist.strings; name = ru; path = ru.lproj/LaunchScreen.strings; sourceTree = "<group>"; };
		848A119F1B1EA94600AF6C19 /* ImageGallery.h */ = {isa = PBXFileReference; fileEncoding = 4; lastKnownFileType = sourcecode.c.h; path = ImageGallery.h; sourceTree = "<group>"; };
		848A11A01B1EA94600AF6C19 /* ImageGallery.m */ = {isa = PBXFileReference; fileEncoding = 4; lastKnownFileType = sourcecode.c.objc; path = ImageGallery.m; sourceTree = "<group>"; };
		848A11A11B1EA94600AF6C19 /* ImageGallery.xib */ = {isa = PBXFileReference; fileEncoding = 4; lastKnownFileType = file.xib; path = ImageGallery.xib; sourceTree = "<group>"; };
		848A11A51B1EAA4B00AF6C19 /* CustomImageGalleryCell.h */ = {isa = PBXFileReference; fileEncoding = 4; lastKnownFileType = sourcecode.c.h; path = CustomImageGalleryCell.h; sourceTree = "<group>"; };
		848A11A61B1EAA4B00AF6C19 /* CustomImageGalleryCell.m */ = {isa = PBXFileReference; fileEncoding = 4; lastKnownFileType = sourcecode.c.objc; path = CustomImageGalleryCell.m; sourceTree = "<group>"; };
		848A11A71B1EAA4B00AF6C19 /* CustomImageGalleryCell.xib */ = {isa = PBXFileReference; fileEncoding = 4; lastKnownFileType = file.xib; path = CustomImageGalleryCell.xib; sourceTree = "<group>"; };
		848A11AB1B1EAD1800AF6C19 /* default.png */ = {isa = PBXFileReference; lastKnownFileType = image.png; path = default.png; sourceTree = "<group>"; };
		849BCA851B156F0E000778D9 /* Widget.appex */ = {isa = PBXFileReference; explicitFileType = "wrapper.app-extension"; includeInIndex = 0; path = Widget.appex; sourceTree = BUILT_PRODUCTS_DIR; };
		849BCA861B156F0E000778D9 /* NotificationCenter.framework */ = {isa = PBXFileReference; lastKnownFileType = wrapper.framework; name = NotificationCenter.framework; path = System/Library/Frameworks/NotificationCenter.framework; sourceTree = SDKROOT; };
		849BCA8A1B156F0E000778D9 /* Info.plist */ = {isa = PBXFileReference; lastKnownFileType = text.plist.xml; path = Info.plist; sourceTree = "<group>"; };
		849BCA8B1B156F0E000778D9 /* TodayViewController.h */ = {isa = PBXFileReference; lastKnownFileType = sourcecode.c.h; path = TodayViewController.h; sourceTree = "<group>"; };
		849BCA8C1B156F0E000778D9 /* TodayViewController.m */ = {isa = PBXFileReference; lastKnownFileType = sourcecode.c.objc; path = TodayViewController.m; sourceTree = "<group>"; };
		849BCA971B156FBF000778D9 /* TodayViewController.xib */ = {isa = PBXFileReference; fileEncoding = 4; lastKnownFileType = file.xib; path = TodayViewController.xib; sourceTree = "<group>"; };
		84C6FD281B01964900E2325A /* DetailViewController.xib */ = {isa = PBXFileReference; fileEncoding = 4; lastKnownFileType = file.xib; path = DetailViewController.xib; sourceTree = "<group>"; };
		84C6FD2A1B01974800E2325A /* Post.h */ = {isa = PBXFileReference; fileEncoding = 4; lastKnownFileType = sourcecode.c.h; path = Post.h; sourceTree = "<group>"; };
		84C6FD2B1B01974800E2325A /* Post.m */ = {isa = PBXFileReference; fileEncoding = 4; lastKnownFileType = sourcecode.c.objc; path = Post.m; sourceTree = "<group>"; };
		84C6FD2D1B0197C600E2325A /* MasterViewController.xib */ = {isa = PBXFileReference; fileEncoding = 4; lastKnownFileType = file.xib; path = MasterViewController.xib; sourceTree = "<group>"; };
		84C6FD341B01A10D00E2325A /* libPods.a */ = {isa = PBXFileReference; lastKnownFileType = archive.ar; name = libPods.a; path = "Pods/../build/Debug-iphoneos/libPods.a"; sourceTree = "<group>"; };
		84C6FD391B01AD6500E2325A /* CustomCell.h */ = {isa = PBXFileReference; fileEncoding = 4; lastKnownFileType = sourcecode.c.h; path = CustomCell.h; sourceTree = "<group>"; };
		84C6FD3A1B01AD6500E2325A /* CustomCell.m */ = {isa = PBXFileReference; fileEncoding = 4; lastKnownFileType = sourcecode.c.objc; path = CustomCell.m; sourceTree = "<group>"; };
		84C6FD3B1B01AD6500E2325A /* CustomCell.xib */ = {isa = PBXFileReference; fileEncoding = 4; lastKnownFileType = file.xib; path = CustomCell.xib; sourceTree = "<group>"; };
		84C7EDF61B01FD5F00589E27 /* default.png */ = {isa = PBXFileReference; lastKnownFileType = image.png; path = default.png; sourceTree = "<group>"; };
		84CC7A341AF90BEA00A1ED98 /* Parser.app */ = {isa = PBXFileReference; explicitFileType = wrapper.application; includeInIndex = 0; path = Parser.app; sourceTree = BUILT_PRODUCTS_DIR; };
		84CC7A381AF90BEA00A1ED98 /* Info.plist */ = {isa = PBXFileReference; lastKnownFileType = text.plist.xml; path = Info.plist; sourceTree = "<group>"; };
		84CC7A391AF90BEA00A1ED98 /* main.m */ = {isa = PBXFileReference; lastKnownFileType = sourcecode.c.objc; path = main.m; sourceTree = "<group>"; };
		84CC7A3B1AF90BEA00A1ED98 /* AppDelegate.h */ = {isa = PBXFileReference; lastKnownFileType = sourcecode.c.h; path = AppDelegate.h; sourceTree = "<group>"; };
		84CC7A3C1AF90BEA00A1ED98 /* AppDelegate.m */ = {isa = PBXFileReference; lastKnownFileType = sourcecode.c.objc; path = AppDelegate.m; sourceTree = "<group>"; };
		84CC7A3E1AF90BEA00A1ED98 /* MasterViewController.h */ = {isa = PBXFileReference; lastKnownFileType = sourcecode.c.h; path = MasterViewController.h; sourceTree = "<group>"; };
		84CC7A3F1AF90BEA00A1ED98 /* MasterViewController.m */ = {isa = PBXFileReference; lastKnownFileType = sourcecode.c.objc; path = MasterViewController.m; sourceTree = "<group>"; };
		84CC7A411AF90BEA00A1ED98 /* DetailViewController.h */ = {isa = PBXFileReference; lastKnownFileType = sourcecode.c.h; path = DetailViewController.h; sourceTree = "<group>"; };
		84CC7A421AF90BEA00A1ED98 /* DetailViewController.m */ = {isa = PBXFileReference; lastKnownFileType = sourcecode.c.objc; path = DetailViewController.m; sourceTree = "<group>"; };
		84CC7A471AF90BEA00A1ED98 /* Images.xcassets */ = {isa = PBXFileReference; lastKnownFileType = folder.assetcatalog; path = Images.xcassets; sourceTree = "<group>"; };
		84CC7A4A1AF90BEA00A1ED98 /* Base */ = {isa = PBXFileReference; lastKnownFileType = file.xib; name = Base; path = Base.lproj/LaunchScreen.xib; sourceTree = "<group>"; };
		84CC7A501AF90BEA00A1ED98 /* ParserTests.xctest */ = {isa = PBXFileReference; explicitFileType = wrapper.cfbundle; includeInIndex = 0; path = ParserTests.xctest; sourceTree = BUILT_PRODUCTS_DIR; };
		84CC7A551AF90BEA00A1ED98 /* Info.plist */ = {isa = PBXFileReference; lastKnownFileType = text.plist.xml; path = Info.plist; sourceTree = "<group>"; };
		84CC7A561AF90BEA00A1ED98 /* ParserTests.m */ = {isa = PBXFileReference; lastKnownFileType = sourcecode.c.objc; path = ParserTests.m; sourceTree = "<group>"; };
		84CC7A681AF9123800A1ED98 /* TFHpple.h */ = {isa = PBXFileReference; fileEncoding = 4; lastKnownFileType = sourcecode.c.h; path = TFHpple.h; sourceTree = "<group>"; };
		84CC7A691AF9123800A1ED98 /* TFHpple.m */ = {isa = PBXFileReference; fileEncoding = 4; lastKnownFileType = sourcecode.c.objc; path = TFHpple.m; sourceTree = "<group>"; };
		84CC7A6A1AF9123800A1ED98 /* TFHppleElement.h */ = {isa = PBXFileReference; fileEncoding = 4; lastKnownFileType = sourcecode.c.h; path = TFHppleElement.h; sourceTree = "<group>"; };
		84CC7A6B1AF9123800A1ED98 /* TFHppleElement.m */ = {isa = PBXFileReference; fileEncoding = 4; lastKnownFileType = sourcecode.c.objc; path = TFHppleElement.m; sourceTree = "<group>"; };
		84CC7A6C1AF9123800A1ED98 /* XPathQuery.h */ = {isa = PBXFileReference; fileEncoding = 4; lastKnownFileType = sourcecode.c.h; path = XPathQuery.h; sourceTree = "<group>"; };
		84CC7A6D1AF9123800A1ED98 /* XPathQuery.m */ = {isa = PBXFileReference; fileEncoding = 4; lastKnownFileType = sourcecode.c.objc; path = XPathQuery.m; sourceTree = "<group>"; };
		84CC7A711AF9131C00A1ED98 /* libxml2.dylib */ = {isa = PBXFileReference; lastKnownFileType = "compiled.mach-o.dylib"; name = libxml2.dylib; path = usr/lib/libxml2.dylib; sourceTree = SDKROOT; };
		84F147FF1B1EE6F500D13D24 /* libicucore.dylib */ = {isa = PBXFileReference; lastKnownFileType = "compiled.mach-o.dylib"; name = libicucore.dylib; path = usr/lib/libicucore.dylib; sourceTree = SDKROOT; };
		B2A60717A0068D2573FF212A /* libPods-Widget.a */ = {isa = PBXFileReference; explicitFileType = archive.ar; includeInIndex = 0; path = "libPods-Widget.a"; sourceTree = BUILT_PRODUCTS_DIR; };
		E2207A4D5F0603067EDEFF0F /* Pods-Parser.debug.xcconfig */ = {isa = PBXFileReference; includeInIndex = 1; lastKnownFileType = text.xcconfig; name = "Pods-Parser.debug.xcconfig"; path = "Pods/Target Support Files/Pods-Parser/Pods-Parser.debug.xcconfig"; sourceTree = "<group>"; };
		ED22F24F281643B6E4AD9BE7 /* Pods-Widget.debug.xcconfig */ = {isa = PBXFileReference; includeInIndex = 1; lastKnownFileType = text.xcconfig; name = "Pods-Widget.debug.xcconfig"; path = "Pods/Target Support Files/Pods-Widget/Pods-Widget.debug.xcconfig"; sourceTree = "<group>"; };
/* End PBXFileReference section */

/* Begin PBXFrameworksBuildPhase section */
		849BCA821B156F0E000778D9 /* Frameworks */ = {
			isa = PBXFrameworksBuildPhase;
			buildActionMask = 2147483647;
			files = (
				849BCA871B156F0E000778D9 /* NotificationCenter.framework in Frameworks */,
				B0B356F571DDE339B86418B1 /* libPods-Widget.a in Frameworks */,
			);
			runOnlyForDeploymentPostprocessing = 0;
		};
		84CC7A311AF90BEA00A1ED98 /* Frameworks */ = {
			isa = PBXFrameworksBuildPhase;
			buildActionMask = 2147483647;
			files = (
				84C6FD351B01A10D00E2325A /* libPods.a in Frameworks */,
				84CC7A721AF9131C00A1ED98 /* libxml2.dylib in Frameworks */,
				98C797F0A00CC0823B65F2C5 /* libPods-Parser.a in Frameworks */,
			);
			runOnlyForDeploymentPostprocessing = 0;
		};
		84CC7A4D1AF90BEA00A1ED98 /* Frameworks */ = {
			isa = PBXFrameworksBuildPhase;
			buildActionMask = 2147483647;
			files = (
			);
			runOnlyForDeploymentPostprocessing = 0;
		};
/* End PBXFrameworksBuildPhase section */

/* Begin PBXGroup section */
		3C9C21A41EF9496CBE28955A /* Pods */ = {
			isa = PBXGroup;
			children = (
				E2207A4D5F0603067EDEFF0F /* Pods-Parser.debug.xcconfig */,
				6A4B7F62674EBAF3DD11407C /* Pods-Parser.release.xcconfig */,
				ED22F24F281643B6E4AD9BE7 /* Pods-Widget.debug.xcconfig */,
				449C43DB4971C38E77FFB8A6 /* Pods-Widget.release.xcconfig */,
			);
			name = Pods;
			sourceTree = "<group>";
		};
		64B85E99E849DCEE7CA268D6 /* Frameworks */ = {
			isa = PBXGroup;
			children = (
				84F147FF1B1EE6F500D13D24 /* libicucore.dylib */,
				84C6FD341B01A10D00E2325A /* libPods.a */,
				849BCA861B156F0E000778D9 /* NotificationCenter.framework */,
				48FD019428EF68E7FF8F9BE2 /* libPods-Parser.a */,
				B2A60717A0068D2573FF212A /* libPods-Widget.a */,
			);
			name = Frameworks;
			sourceTree = "<group>";
		};
		848A119A1B1EA84E00AF6C19 /* CustomCells */ = {
			isa = PBXGroup;
			children = (
				848A11A41B1EAA2D00AF6C19 /* CustomImageGalleryCell */,
				84C6FD381B01A57D00E2325A /* CustomCell */,
			);
			name = CustomCells;
			sourceTree = "<group>";
		};
		848A119B1B1EA85E00AF6C19 /* Model */ = {
			isa = PBXGroup;
			children = (
				848A11AA1B1EAC8800AF6C19 /* AppDelegate */,
				848A119E1B1EA90000AF6C19 /* Gallery */,
				848A119D1B1EA88A00AF6C19 /* Post */,
				848A119C1B1EA87200AF6C19 /* Views */,
			);
			name = Model;
			sourceTree = "<group>";
		};
		848A119C1B1EA87200AF6C19 /* Views */ = {
			isa = PBXGroup;
			children = (
				84C6FD371B01A55D00E2325A /* DetailViewController */,
				84C6FD361B01A52F00E2325A /* MasterViewController */,
			);
			name = Views;
			sourceTree = "<group>";
		};
		848A119D1B1EA88A00AF6C19 /* Post */ = {
			isa = PBXGroup;
			children = (
				84C6FD2A1B01974800E2325A /* Post.h */,
				84C6FD2B1B01974800E2325A /* Post.m */,
			);
			name = Post;
			sourceTree = "<group>";
		};
		848A119E1B1EA90000AF6C19 /* Gallery */ = {
			isa = PBXGroup;
			children = (
				848A119F1B1EA94600AF6C19 /* ImageGallery.h */,
				848A11A01B1EA94600AF6C19 /* ImageGallery.m */,
				848A11A11B1EA94600AF6C19 /* ImageGallery.xib */,
			);
			name = Gallery;
			sourceTree = "<group>";
		};
		848A11A41B1EAA2D00AF6C19 /* CustomImageGalleryCell */ = {
			isa = PBXGroup;
			children = (
				848A11A51B1EAA4B00AF6C19 /* CustomImageGalleryCell.h */,
				848A11A61B1EAA4B00AF6C19 /* CustomImageGalleryCell.m */,
				848A11A71B1EAA4B00AF6C19 /* CustomImageGalleryCell.xib */,
			);
			name = CustomImageGalleryCell;
			sourceTree = "<group>";
		};
		848A11AA1B1EAC8800AF6C19 /* AppDelegate */ = {
			isa = PBXGroup;
			children = (
				84CC7A3B1AF90BEA00A1ED98 /* AppDelegate.h */,
				84CC7A3C1AF90BEA00A1ED98 /* AppDelegate.m */,
			);
			name = AppDelegate;
			sourceTree = "<group>";
		};
		849BCA881B156F0E000778D9 /* Widget */ = {
			isa = PBXGroup;
			children = (
				849BCA8B1B156F0E000778D9 /* TodayViewController.h */,
				849BCA8C1B156F0E000778D9 /* TodayViewController.m */,
				849BCA971B156FBF000778D9 /* TodayViewController.xib */,
				849BCA891B156F0E000778D9 /* Supporting Files */,
			);
			path = Widget;
			sourceTree = "<group>";
		};
		849BCA891B156F0E000778D9 /* Supporting Files */ = {
			isa = PBXGroup;
			children = (
				848A11AB1B1EAD1800AF6C19 /* default.png */,
				849BCA8A1B156F0E000778D9 /* Info.plist */,
			);
			name = "Supporting Files";
			sourceTree = "<group>";
		};
		84C6FD361B01A52F00E2325A /* MasterViewController */ = {
			isa = PBXGroup;
			children = (
				84CC7A3E1AF90BEA00A1ED98 /* MasterViewController.h */,
				84CC7A3F1AF90BEA00A1ED98 /* MasterViewController.m */,
				84C6FD2D1B0197C600E2325A /* MasterViewController.xib */,
			);
			name = MasterViewController;
			sourceTree = "<group>";
		};
		84C6FD371B01A55D00E2325A /* DetailViewController */ = {
			isa = PBXGroup;
			children = (
				84CC7A411AF90BEA00A1ED98 /* DetailViewController.h */,
				84CC7A421AF90BEA00A1ED98 /* DetailViewController.m */,
				84C6FD281B01964900E2325A /* DetailViewController.xib */,
			);
			name = DetailViewController;
			sourceTree = "<group>";
		};
		84C6FD381B01A57D00E2325A /* CustomCell */ = {
			isa = PBXGroup;
			children = (
				84C6FD391B01AD6500E2325A /* CustomCell.h */,
				84C6FD3A1B01AD6500E2325A /* CustomCell.m */,
				84C6FD3B1B01AD6500E2325A /* CustomCell.xib */,
			);
			name = CustomCell;
			sourceTree = "<group>";
		};
		84CC7A2B1AF90BEA00A1ED98 = {
			isa = PBXGroup;
			children = (
				84CC7A711AF9131C00A1ED98 /* libxml2.dylib */,
				84CC7A361AF90BEA00A1ED98 /* Parser */,
				84CC7A531AF90BEA00A1ED98 /* ParserTests */,
				849BCA881B156F0E000778D9 /* Widget */,
				84CC7A351AF90BEA00A1ED98 /* Products */,
				3C9C21A41EF9496CBE28955A /* Pods */,
				64B85E99E849DCEE7CA268D6 /* Frameworks */,
			);
			sourceTree = "<group>";
		};
		84CC7A351AF90BEA00A1ED98 /* Products */ = {
			isa = PBXGroup;
			children = (
				84CC7A341AF90BEA00A1ED98 /* Parser.app */,
				84CC7A501AF90BEA00A1ED98 /* ParserTests.xctest */,
				849BCA851B156F0E000778D9 /* Widget.appex */,
			);
			name = Products;
			sourceTree = "<group>";
		};
		84CC7A361AF90BEA00A1ED98 /* Parser */ = {
			isa = PBXGroup;
			children = (
				848A119B1B1EA85E00AF6C19 /* Model */,
				848A119A1B1EA84E00AF6C19 /* CustomCells */,
				84C7EDF61B01FD5F00589E27 /* default.png */,
				84CC7A671AF9118800A1ED98 /* hpple */,
				84CC7A471AF90BEA00A1ED98 /* Images.xcassets */,
				84CC7A491AF90BEA00A1ED98 /* LaunchScreen.xib */,
				84CC7A371AF90BEA00A1ED98 /* Supporting Files */,
			);
			path = Parser;
			sourceTree = "<group>";
		};
		84CC7A371AF90BEA00A1ED98 /* Supporting Files */ = {
			isa = PBXGroup;
			children = (
				84CC7A381AF90BEA00A1ED98 /* Info.plist */,
				84CC7A391AF90BEA00A1ED98 /* main.m */,
			);
			name = "Supporting Files";
			sourceTree = "<group>";
		};
		84CC7A531AF90BEA00A1ED98 /* ParserTests */ = {
			isa = PBXGroup;
			children = (
				84CC7A561AF90BEA00A1ED98 /* ParserTests.m */,
				84CC7A541AF90BEA00A1ED98 /* Supporting Files */,
			);
			path = ParserTests;
			sourceTree = "<group>";
		};
		84CC7A541AF90BEA00A1ED98 /* Supporting Files */ = {
			isa = PBXGroup;
			children = (
				84CC7A551AF90BEA00A1ED98 /* Info.plist */,
			);
			name = "Supporting Files";
			sourceTree = "<group>";
		};
		84CC7A671AF9118800A1ED98 /* hpple */ = {
			isa = PBXGroup;
			children = (
				84CC7A681AF9123800A1ED98 /* TFHpple.h */,
				84CC7A691AF9123800A1ED98 /* TFHpple.m */,
				84CC7A6A1AF9123800A1ED98 /* TFHppleElement.h */,
				84CC7A6B1AF9123800A1ED98 /* TFHppleElement.m */,
				84CC7A6C1AF9123800A1ED98 /* XPathQuery.h */,
				84CC7A6D1AF9123800A1ED98 /* XPathQuery.m */,
			);
			name = hpple;
			sourceTree = "<group>";
		};
/* End PBXGroup section */

/* Begin PBXNativeTarget section */
		849BCA841B156F0E000778D9 /* Widget */ = {
			isa = PBXNativeTarget;
			buildConfigurationList = 849BCA951B156F0F000778D9 /* Build configuration list for PBXNativeTarget "Widget" */;
			buildPhases = (
				1E9DA09F91FDE3996578F74D /* Check Pods Manifest.lock */,
				849BCA811B156F0E000778D9 /* Sources */,
				849BCA821B156F0E000778D9 /* Frameworks */,
				849BCA831B156F0E000778D9 /* Resources */,
				14964781ADA4B97B67BB82D1 /* Copy Pods Resources */,
			);
			buildRules = (
			);
			dependencies = (
			);
			name = Widget;
			productName = Widget;
			productReference = 849BCA851B156F0E000778D9 /* Widget.appex */;
			productType = "com.apple.product-type.app-extension";
		};
		84CC7A331AF90BEA00A1ED98 /* Parser */ = {
			isa = PBXNativeTarget;
			buildConfigurationList = 84CC7A5A1AF90BEA00A1ED98 /* Build configuration list for PBXNativeTarget "Parser" */;
			buildPhases = (
				D7DD2FB73D8FA2F45FEC4A93 /* Check Pods Manifest.lock */,
				84CC7A301AF90BEA00A1ED98 /* Sources */,
				84CC7A311AF90BEA00A1ED98 /* Frameworks */,
				84CC7A321AF90BEA00A1ED98 /* Resources */,
				201143B1D1FE18002CFA2A04 /* Copy Pods Resources */,
				849BCA961B156F0F000778D9 /* Embed App Extensions */,
			);
			buildRules = (
			);
			dependencies = (
				849BCA911B156F0E000778D9 /* PBXTargetDependency */,
			);
			name = Parser;
			productName = Parser;
			productReference = 84CC7A341AF90BEA00A1ED98 /* Parser.app */;
			productType = "com.apple.product-type.application";
		};
		84CC7A4F1AF90BEA00A1ED98 /* ParserTests */ = {
			isa = PBXNativeTarget;
			buildConfigurationList = 84CC7A5D1AF90BEA00A1ED98 /* Build configuration list for PBXNativeTarget "ParserTests" */;
			buildPhases = (
				84CC7A4C1AF90BEA00A1ED98 /* Sources */,
				84CC7A4D1AF90BEA00A1ED98 /* Frameworks */,
				84CC7A4E1AF90BEA00A1ED98 /* Resources */,
			);
			buildRules = (
			);
			dependencies = (
				84CC7A521AF90BEA00A1ED98 /* PBXTargetDependency */,
			);
			name = ParserTests;
			productName = ParserTests;
			productReference = 84CC7A501AF90BEA00A1ED98 /* ParserTests.xctest */;
			productType = "com.apple.product-type.bundle.unit-test";
		};
/* End PBXNativeTarget section */

/* Begin PBXProject section */
		84CC7A2C1AF90BEA00A1ED98 /* Project object */ = {
			isa = PBXProject;
			attributes = {
				LastUpgradeCheck = 0630;
				ORGANIZATIONNAME = Admin;
				TargetAttributes = {
					849BCA841B156F0E000778D9 = {
						CreatedOnToolsVersion = 6.3.1;
					};
					84CC7A331AF90BEA00A1ED98 = {
						CreatedOnToolsVersion = 6.3.1;
					};
					84CC7A4F1AF90BEA00A1ED98 = {
						CreatedOnToolsVersion = 6.3.1;
						TestTargetID = 84CC7A331AF90BEA00A1ED98;
					};
				};
			};
			buildConfigurationList = 84CC7A2F1AF90BEA00A1ED98 /* Build configuration list for PBXProject "Parser" */;
			compatibilityVersion = "Xcode 3.2";
			developmentRegion = English;
			hasScannedForEncodings = 0;
			knownRegions = (
				Base,
			);
			mainGroup = 84CC7A2B1AF90BEA00A1ED98;
			productRefGroup = 84CC7A351AF90BEA00A1ED98 /* Products */;
			projectDirPath = "";
			projectRoot = "";
			targets = (
				84CC7A331AF90BEA00A1ED98 /* Parser */,
				84CC7A4F1AF90BEA00A1ED98 /* ParserTests */,
				849BCA841B156F0E000778D9 /* Widget */,
			);
		};
/* End PBXProject section */

/* Begin PBXResourcesBuildPhase section */
		849BCA831B156F0E000778D9 /* Resources */ = {
			isa = PBXResourcesBuildPhase;
			buildActionMask = 2147483647;
			files = (
				849BCA981B156FBF000778D9 /* TodayViewController.xib in Resources */,
				848A11AC1B1EAD1800AF6C19 /* default.png in Resources */,
			);
			runOnlyForDeploymentPostprocessing = 0;
		};
		84CC7A321AF90BEA00A1ED98 /* Resources */ = {
			isa = PBXResourcesBuildPhase;
			buildActionMask = 2147483647;
			files = (
				84CC7A481AF90BEA00A1ED98 /* Images.xcassets in Resources */,
				848A11A91B1EAA4B00AF6C19 /* CustomImageGalleryCell.xib in Resources */,
				84C6FD291B01964900E2325A /* DetailViewController.xib in Resources */,
				848A11A31B1EA94600AF6C19 /* ImageGallery.xib in Resources */,
				84C6FD3D1B01AD6500E2325A /* CustomCell.xib in Resources */,
				84C6FD2E1B0197C600E2325A /* MasterViewController.xib in Resources */,
				84C7EDF71B01FD5F00589E27 /* default.png in Resources */,
			);
			runOnlyForDeploymentPostprocessing = 0;
		};
		84CC7A4E1AF90BEA00A1ED98 /* Resources */ = {
			isa = PBXResourcesBuildPhase;
			buildActionMask = 2147483647;
			files = (
			);
			runOnlyForDeploymentPostprocessing = 0;
		};
/* End PBXResourcesBuildPhase section */

/* Begin PBXShellScriptBuildPhase section */
		14964781ADA4B97B67BB82D1 /* Copy Pods Resources */ = {
			isa = PBXShellScriptBuildPhase;
			buildActionMask = 2147483647;
			files = (
			);
			inputPaths = (
			);
			name = "Copy Pods Resources";
			outputPaths = (
			);
			runOnlyForDeploymentPostprocessing = 0;
			shellPath = /bin/sh;
			shellScript = "\"${SRCROOT}/Pods/Target Support Files/Pods-Widget/Pods-Widget-resources.sh\"\n";
			showEnvVarsInLog = 0;
		};
		1E9DA09F91FDE3996578F74D /* Check Pods Manifest.lock */ = {
			isa = PBXShellScriptBuildPhase;
			buildActionMask = 2147483647;
			files = (
			);
			inputPaths = (
			);
			name = "Check Pods Manifest.lock";
			outputPaths = (
			);
			runOnlyForDeploymentPostprocessing = 0;
			shellPath = /bin/sh;
			shellScript = "diff \"${PODS_ROOT}/../Podfile.lock\" \"${PODS_ROOT}/Manifest.lock\" > /dev/null\nif [[ $? != 0 ]] ; then\n    cat << EOM\nerror: The sandbox is not in sync with the Podfile.lock. Run 'pod install' or update your CocoaPods installation.\nEOM\n    exit 1\nfi\n";
			showEnvVarsInLog = 0;
		};
		201143B1D1FE18002CFA2A04 /* Copy Pods Resources */ = {
			isa = PBXShellScriptBuildPhase;
			buildActionMask = 2147483647;
			files = (
			);
			inputPaths = (
			);
			name = "Copy Pods Resources";
			outputPaths = (
			);
			runOnlyForDeploymentPostprocessing = 0;
			shellPath = /bin/sh;
			shellScript = "\"${SRCROOT}/Pods/Target Support Files/Pods-Parser/Pods-Parser-resources.sh\"\n";
			showEnvVarsInLog = 0;
		};
		D7DD2FB73D8FA2F45FEC4A93 /* Check Pods Manifest.lock */ = {
			isa = PBXShellScriptBuildPhase;
			buildActionMask = 2147483647;
			files = (
			);
			inputPaths = (
			);
			name = "Check Pods Manifest.lock";
			outputPaths = (
			);
			runOnlyForDeploymentPostprocessing = 0;
			shellPath = /bin/sh;
			shellScript = "diff \"${PODS_ROOT}/../Podfile.lock\" \"${PODS_ROOT}/Manifest.lock\" > /dev/null\nif [[ $? != 0 ]] ; then\n    cat << EOM\nerror: The sandbox is not in sync with the Podfile.lock. Run 'pod install' or update your CocoaPods installation.\nEOM\n    exit 1\nfi\n";
			showEnvVarsInLog = 0;
		};
/* End PBXShellScriptBuildPhase section */

/* Begin PBXSourcesBuildPhase section */
		849BCA811B156F0E000778D9 /* Sources */ = {
			isa = PBXSourcesBuildPhase;
			buildActionMask = 2147483647;
			files = (
				84C4BB041B1580F7004A8C52 /* Post.m in Sources */,
				849BCA8D1B156F0E000778D9 /* TodayViewController.m in Sources */,
			);
			runOnlyForDeploymentPostprocessing = 0;
		};
		84CC7A301AF90BEA00A1ED98 /* Sources */ = {
			isa = PBXSourcesBuildPhase;
			buildActionMask = 2147483647;
			files = (
				84CC7A3D1AF90BEA00A1ED98 /* AppDelegate.m in Sources */,
				848A11A81B1EAA4B00AF6C19 /* CustomImageGalleryCell.m in Sources */,
				84CC7A401AF90BEA00A1ED98 /* MasterViewController.m in Sources */,
				84CC7A3A1AF90BEA00A1ED98 /* main.m in Sources */,
				848A11A21B1EA94600AF6C19 /* ImageGallery.m in Sources */,
				84CC7A431AF90BEA00A1ED98 /* DetailViewController.m in Sources */,
				84C6FD2C1B01974800E2325A /* Post.m in Sources */,
				84C6FD3C1B01AD6500E2325A /* CustomCell.m in Sources */,
			);
			runOnlyForDeploymentPostprocessing = 0;
		};
		84CC7A4C1AF90BEA00A1ED98 /* Sources */ = {
			isa = PBXSourcesBuildPhase;
			buildActionMask = 2147483647;
			files = (
				84CC7A571AF90BEA00A1ED98 /* ParserTests.m in Sources */,
			);
			runOnlyForDeploymentPostprocessing = 0;
		};
/* End PBXSourcesBuildPhase section */

/* Begin PBXTargetDependency section */
		849BCA911B156F0E000778D9 /* PBXTargetDependency */ = {
			isa = PBXTargetDependency;
			target = 849BCA841B156F0E000778D9 /* Widget */;
			targetProxy = 849BCA901B156F0E000778D9 /* PBXContainerItemProxy */;
		};
		84CC7A521AF90BEA00A1ED98 /* PBXTargetDependency */ = {
			isa = PBXTargetDependency;
			target = 84CC7A331AF90BEA00A1ED98 /* Parser */;
			targetProxy = 84CC7A511AF90BEA00A1ED98 /* PBXContainerItemProxy */;
		};
/* End PBXTargetDependency section */

/* Begin PBXVariantGroup section */
		84CC7A491AF90BEA00A1ED98 /* LaunchScreen.xib */ = {
			isa = PBXVariantGroup;
			children = (
				84CC7A4A1AF90BEA00A1ED98 /* Base */,
				847D2A921B1EEC72005B10D8 /* ru */,
			);
			name = LaunchScreen.xib;
			sourceTree = "<group>";
		};
/* End PBXVariantGroup section */

/* Begin XCBuildConfiguration section */
		849BCA931B156F0F000778D9 /* Debug */ = {
			isa = XCBuildConfiguration;
			baseConfigurationReference = ED22F24F281643B6E4AD9BE7 /* Pods-Widget.debug.xcconfig */;
			buildSettings = {
				ASSETCATALOG_COMPILER_APPICON_NAME = AppIcon;
				ASSETCATALOG_COMPILER_LAUNCHIMAGE_NAME = LaunchImage;
				GCC_PREPROCESSOR_DEFINITIONS = (
					"DEBUG=1",
					"$(inherited)",
				);
				HEADER_SEARCH_PATHS = (
					"$(inherited)",
					"\"${PODS_ROOT}/Headers/Public/hpple\"",
					"\"${PODS_ROOT}/Headers/Public/AFNetworking\"",
					"\"${PODS_ROOT}/Headers/Public\"",
					"$(SDKROOT)/usr/include/libxml2",
				);
				INFOPLIST_FILE = Widget/Info.plist;
				LD_RUNPATH_SEARCH_PATHS = "$(inherited) @executable_path/Frameworks @executable_path/../../Frameworks";
				PRODUCT_NAME = "$(TARGET_NAME)";
				SKIP_INSTALL = YES;
			};
			name = Debug;
		};
		849BCA941B156F0F000778D9 /* Release */ = {
			isa = XCBuildConfiguration;
			baseConfigurationReference = 449C43DB4971C38E77FFB8A6 /* Pods-Widget.release.xcconfig */;
			buildSettings = {
				ASSETCATALOG_COMPILER_APPICON_NAME = AppIcon;
				ASSETCATALOG_COMPILER_LAUNCHIMAGE_NAME = LaunchImage;
				HEADER_SEARCH_PATHS = (
					"$(inherited)",
					"\"${PODS_ROOT}/Headers/Public/hpple\"",
					"\"${PODS_ROOT}/Headers/Public/AFNetworking\"",
					"\"${PODS_ROOT}/Headers/Public\"",
					"$(SDKROOT)/usr/include/libxml2",
				);
				INFOPLIST_FILE = Widget/Info.plist;
				LD_RUNPATH_SEARCH_PATHS = "$(inherited) @executable_path/Frameworks @executable_path/../../Frameworks";
				PRODUCT_NAME = "$(TARGET_NAME)";
				SKIP_INSTALL = YES;
			};
			name = Release;
		};
		84CC7A581AF90BEA00A1ED98 /* Debug */ = {
			isa = XCBuildConfiguration;
			buildSettings = {
				ALWAYS_SEARCH_USER_PATHS = NO;
				CLANG_CXX_LANGUAGE_STANDARD = "gnu++0x";
				CLANG_CXX_LIBRARY = "libc++";
				CLANG_ENABLE_MODULES = YES;
				CLANG_ENABLE_OBJC_ARC = YES;
				CLANG_WARN_BOOL_CONVERSION = YES;
				CLANG_WARN_CONSTANT_CONVERSION = YES;
				CLANG_WARN_DIRECT_OBJC_ISA_USAGE = YES_ERROR;
				CLANG_WARN_EMPTY_BODY = YES;
				CLANG_WARN_ENUM_CONVERSION = YES;
				CLANG_WARN_INT_CONVERSION = YES;
				CLANG_WARN_OBJC_ROOT_CLASS = YES_ERROR;
				CLANG_WARN_UNREACHABLE_CODE = YES;
				CLANG_WARN__DUPLICATE_METHOD_MATCH = YES;
				"CODE_SIGN_IDENTITY[sdk=iphoneos*]" = "iPhone Developer";
				COPY_PHASE_STRIP = NO;
				DEBUG_INFORMATION_FORMAT = "dwarf-with-dsym";
				ENABLE_STRICT_OBJC_MSGSEND = YES;
				GCC_C_LANGUAGE_STANDARD = gnu99;
				GCC_DYNAMIC_NO_PIC = NO;
				GCC_NO_COMMON_BLOCKS = YES;
				GCC_OPTIMIZATION_LEVEL = 0;
				GCC_PREPROCESSOR_DEFINITIONS = (
					"DEBUG=1",
					"$(inherited)",
				);
				GCC_SYMBOLS_PRIVATE_EXTERN = NO;
				GCC_WARN_64_TO_32_BIT_CONVERSION = YES;
				GCC_WARN_ABOUT_RETURN_TYPE = YES_ERROR;
				GCC_WARN_UNDECLARED_SELECTOR = YES;
				GCC_WARN_UNINITIALIZED_AUTOS = YES_AGGRESSIVE;
				GCC_WARN_UNUSED_FUNCTION = YES;
				GCC_WARN_UNUSED_VARIABLE = YES;
				HEADER_SEARCH_PATHS = (
					"$(inherited)",
					/Applications/Xcode.app/Contents/Developer/Toolchains/XcodeDefault.xctoolchain/usr/include,
					"$(SDKROOT)/usr/include/libxml2",
				);
				IPHONEOS_DEPLOYMENT_TARGET = 8.3;
				MTL_ENABLE_DEBUG_INFO = YES;
				ONLY_ACTIVE_ARCH = YES;
				SDKROOT = iphoneos;
				TARGETED_DEVICE_FAMILY = "1,2";
			};
			name = Debug;
		};
		84CC7A591AF90BEA00A1ED98 /* Release */ = {
			isa = XCBuildConfiguration;
			buildSettings = {
				ALWAYS_SEARCH_USER_PATHS = NO;
				CLANG_CXX_LANGUAGE_STANDARD = "gnu++0x";
				CLANG_CXX_LIBRARY = "libc++";
				CLANG_ENABLE_MODULES = YES;
				CLANG_ENABLE_OBJC_ARC = YES;
				CLANG_WARN_BOOL_CONVERSION = YES;
				CLANG_WARN_CONSTANT_CONVERSION = YES;
				CLANG_WARN_DIRECT_OBJC_ISA_USAGE = YES_ERROR;
				CLANG_WARN_EMPTY_BODY = YES;
				CLANG_WARN_ENUM_CONVERSION = YES;
				CLANG_WARN_INT_CONVERSION = YES;
				CLANG_WARN_OBJC_ROOT_CLASS = YES_ERROR;
				CLANG_WARN_UNREACHABLE_CODE = YES;
				CLANG_WARN__DUPLICATE_METHOD_MATCH = YES;
				"CODE_SIGN_IDENTITY[sdk=iphoneos*]" = "iPhone Developer";
				COPY_PHASE_STRIP = NO;
				DEBUG_INFORMATION_FORMAT = "dwarf-with-dsym";
				ENABLE_NS_ASSERTIONS = NO;
				ENABLE_STRICT_OBJC_MSGSEND = YES;
				GCC_C_LANGUAGE_STANDARD = gnu99;
				GCC_NO_COMMON_BLOCKS = YES;
				GCC_WARN_64_TO_32_BIT_CONVERSION = YES;
				GCC_WARN_ABOUT_RETURN_TYPE = YES_ERROR;
				GCC_WARN_UNDECLARED_SELECTOR = YES;
				GCC_WARN_UNINITIALIZED_AUTOS = YES_AGGRESSIVE;
				GCC_WARN_UNUSED_FUNCTION = YES;
				GCC_WARN_UNUSED_VARIABLE = YES;
				HEADER_SEARCH_PATHS = (
					"$(inherited)",
					/Applications/Xcode.app/Contents/Developer/Toolchains/XcodeDefault.xctoolchain/usr/include,
					"$(SDKROOT)/usr/include/libxml2",
				);
				IPHONEOS_DEPLOYMENT_TARGET = 8.3;
				MTL_ENABLE_DEBUG_INFO = NO;
				SDKROOT = iphoneos;
				TARGETED_DEVICE_FAMILY = "1,2";
				VALIDATE_PRODUCT = YES;
			};
			name = Release;
		};
		84CC7A5B1AF90BEA00A1ED98 /* Debug */ = {
			isa = XCBuildConfiguration;
			baseConfigurationReference = E2207A4D5F0603067EDEFF0F /* Pods-Parser.debug.xcconfig */;
			buildSettings = {
				ASSETCATALOG_COMPILER_APPICON_NAME = AppIcon;
				INFOPLIST_FILE = Parser/Info.plist;
				LD_RUNPATH_SEARCH_PATHS = "$(inherited) @executable_path/Frameworks";
				LIBRARY_SEARCH_PATHS = "$(inherited)";
				PRODUCT_NAME = "$(TARGET_NAME)";
				TARGETED_DEVICE_FAMILY = 1;
			};
			name = Debug;
		};
		84CC7A5C1AF90BEA00A1ED98 /* Release */ = {
			isa = XCBuildConfiguration;
			baseConfigurationReference = 6A4B7F62674EBAF3DD11407C /* Pods-Parser.release.xcconfig */;
			buildSettings = {
				ASSETCATALOG_COMPILER_APPICON_NAME = AppIcon;
				INFOPLIST_FILE = Parser/Info.plist;
				LD_RUNPATH_SEARCH_PATHS = "$(inherited) @executable_path/Frameworks";
				LIBRARY_SEARCH_PATHS = "$(inherited)";
				PRODUCT_NAME = "$(TARGET_NAME)";
				TARGETED_DEVICE_FAMILY = 1;
			};
			name = Release;
		};
		84CC7A5E1AF90BEA00A1ED98 /* Debug */ = {
			isa = XCBuildConfiguration;
			buildSettings = {
				BUNDLE_LOADER = "$(TEST_HOST)";
				FRAMEWORK_SEARCH_PATHS = (
					"$(SDKROOT)/Developer/Library/Frameworks",
					"$(inherited)",
				);
				GCC_PREPROCESSOR_DEFINITIONS = (
					"DEBUG=1",
					"$(inherited)",
				);
				INFOPLIST_FILE = ParserTests/Info.plist;
				LD_RUNPATH_SEARCH_PATHS = "$(inherited) @executable_path/Frameworks @loader_path/Frameworks";
				PRODUCT_NAME = "$(TARGET_NAME)";
				TEST_HOST = "$(BUILT_PRODUCTS_DIR)/Parser.app/Parser";
			};
			name = Debug;
		};
		84CC7A5F1AF90BEA00A1ED98 /* Release */ = {
			isa = XCBuildConfiguration;
			buildSettings = {
				BUNDLE_LOADER = "$(TEST_HOST)";
				FRAMEWORK_SEARCH_PATHS = (
					"$(SDKROOT)/Developer/Library/Frameworks",
					"$(inherited)",
				);
				INFOPLIST_FILE = ParserTests/Info.plist;
				LD_RUNPATH_SEARCH_PATHS = "$(inherited) @executable_path/Frameworks @loader_path/Frameworks";
				PRODUCT_NAME = "$(TARGET_NAME)";
				TEST_HOST = "$(BUILT_PRODUCTS_DIR)/Parser.app/Parser";
			};
			name = Release;
		};
/* End XCBuildConfiguration section */

/* Begin XCConfigurationList section */
		849BCA951B156F0F000778D9 /* Build configuration list for PBXNativeTarget "Widget" */ = {
			isa = XCConfigurationList;
			buildConfigurations = (
				849BCA931B156F0F000778D9 /* Debug */,
				849BCA941B156F0F000778D9 /* Release */,
			);
			defaultConfigurationIsVisible = 0;
			defaultConfigurationName = Release;
		};
		84CC7A2F1AF90BEA00A1ED98 /* Build configuration list for PBXProject "Parser" */ = {
			isa = XCConfigurationList;
			buildConfigurations = (
				84CC7A581AF90BEA00A1ED98 /* Debug */,
				84CC7A591AF90BEA00A1ED98 /* Release */,
			);
			defaultConfigurationIsVisible = 0;
			defaultConfigurationName = Release;
		};
		84CC7A5A1AF90BEA00A1ED98 /* Build configuration list for PBXNativeTarget "Parser" */ = {
			isa = XCConfigurationList;
			buildConfigurations = (
				84CC7A5B1AF90BEA00A1ED98 /* Debug */,
				84CC7A5C1AF90BEA00A1ED98 /* Release */,
			);
			defaultConfigurationIsVisible = 0;
			defaultConfigurationName = Release;
		};
		84CC7A5D1AF90BEA00A1ED98 /* Build configuration list for PBXNativeTarget "ParserTests" */ = {
			isa = XCConfigurationList;
			buildConfigurations = (
				84CC7A5E1AF90BEA00A1ED98 /* Debug */,
				84CC7A5F1AF90BEA00A1ED98 /* Release */,
			);
			defaultConfigurationIsVisible = 0;
			defaultConfigurationName = Release;
		};
/* End XCConfigurationList section */
	};
	rootObject = 84CC7A2C1AF90BEA00A1ED98 /* Project object */;
}
